
Microsoft Visual Studio Solution File, Format Version 12.00
# Visual Studio Version 16
VisualStudioVersion = 16.0.31515.178
MinimumVisualStudioVersion = 10.0.40219.1
Project("{FAE04EC0-301F-11D3-BF4B-00C04F79EFBC}") = "ProgramDDP", "ProgramDDP\ProgramDDP.csproj", "{61917884-1DF8-4147-8C33-C4EC3D9DF9B7}"
EndProject
Project("{FAE04EC0-301F-11D3-BF4B-00C04F79EFBC}") = "Entidades", "Entidades\Entidades.csproj", "{0707A5F3-6C2F-427B-ADF2-6844EDF794F0}"
EndProject
Project("{FAE04EC0-301F-11D3-BF4B-00C04F79EFBC}") = "Logica", "Logica\Logica.csproj", "{B4E1E2DC-DBDC-474D-9B23-4DDC73488E32}"
EndProject
Project("{FAE04EC0-301F-11D3-BF4B-00C04F79EFBC}") = "Datos", "Datos\Datos.csproj", "{F86C25F2-E52C-4D7D-ABD6-31896553DD5F}"
EndProject
Global
	GlobalSection(SolutionConfigurationPlatforms) = preSolution
		Debug|Any CPU = Debug|Any CPU
		Release|Any CPU = Release|Any CPU
	EndGlobalSection
	GlobalSection(ProjectConfigurationPlatforms) = postSolution
		{61917884-1DF8-4147-8C33-C4EC3D9DF9B7}.Debug|Any CPU.ActiveCfg = Debug|Any CPU
		{61917884-1DF8-4147-8C33-C4EC3D9DF9B7}.Debug|Any CPU.Build.0 = Debug|Any CPU
		{61917884-1DF8-4147-8C33-C4EC3D9DF9B7}.Release|Any CPU.ActiveCfg = Release|Any CPU
		{61917884-1DF8-4147-8C33-C4EC3D9DF9B7}.Release|Any CPU.Build.0 = Release|Any CPU
		{0707A5F3-6C2F-427B-ADF2-6844EDF794F0}.Debug|Any CPU.ActiveCfg = Debug|Any CPU
		{0707A5F3-6C2F-427B-ADF2-6844EDF794F0}.Debug|Any CPU.Build.0 = Debug|Any CPU
		{0707A5F3-6C2F-427B-ADF2-6844EDF794F0}.Release|Any CPU.ActiveCfg = Release|Any CPU
		{0707A5F3-6C2F-427B-ADF2-6844EDF794F0}.Release|Any CPU.Build.0 = Release|Any CPU
		{B4E1E2DC-DBDC-474D-9B23-4DDC73488E32}.Debug|Any CPU.ActiveCfg = Debug|Any CPU
		{B4E1E2DC-DBDC-474D-9B23-4DDC73488E32}.Debug|Any CPU.Build.0 = Debug|Any CPU
		{B4E1E2DC-DBDC-474D-9B23-4DDC73488E32}.Release|Any CPU.ActiveCfg = Release|Any CPU
		{B4E1E2DC-DBDC-474D-9B23-4DDC73488E32}.Release|Any CPU.Build.0 = Release|Any CPU
		{F86C25F2-E52C-4D7D-ABD6-31896553DD5F}.Debug|Any CPU.ActiveCfg = Debug|Any CPU
		{F86C25F2-E52C-4D7D-ABD6-31896553DD5F}.Debug|Any CPU.Build.0 = Debug|Any CPU
		{F86C25F2-E52C-4D7D-ABD6-31896553DD5F}.Release|Any CPU.ActiveCfg = Release|Any CPU
		{F86C25F2-E52C-4D7D-ABD6-31896553DD5F}.Release|Any CPU.Build.0 = Release|Any CPU
	EndGlobalSection
	GlobalSection(SolutionProperties) = preSolution
		HideSolutionNode = FALSE
	EndGlobalSection
	GlobalSection(ExtensibilityGlobals) = postSolution
		SolutionGuid = {C7B17C3D-9B04-497D-B051-1E6C49B12BA5}
	EndGlobalSection
EndGlobal
